
Microsoft Visual Studio Solution File, Format Version 12.00
# Visual Studio Version 17
VisualStudioVersion = 17.3.32929.385
MinimumVisualStudioVersion = 10.0.40219.1
Project("{FAE04EC0-301F-11D3-BF4B-00C04F79EFBC}") = "CMP307 Software Engineering - Scottish Glen", "CMP307 Software Engineering - Scottish Glen\CMP307 Software Engineering - Scottish Glen.csproj", "{FA78EFF2-489E-43CE-B618-3EF60D71BC4B}"
EndProject
Global
	GlobalSection(SolutionConfigurationPlatforms) = preSolution
		Debug|Any CPU = Debug|Any CPU
		Release|Any CPU = Release|Any CPU
	EndGlobalSection
	GlobalSection(ProjectConfigurationPlatforms) = postSolution
		{FA78EFF2-489E-43CE-B618-3EF60D71BC4B}.Debug|Any CPU.ActiveCfg = Debug|Any CPU
		{FA78EFF2-489E-43CE-B618-3EF60D71BC4B}.Debug|Any CPU.Build.0 = Debug|Any CPU
		{FA78EFF2-489E-43CE-B618-3EF60D71BC4B}.Release|Any CPU.ActiveCfg = Release|Any CPU
		{FA78EFF2-489E-43CE-B618-3EF60D71BC4B}.Release|Any CPU.Build.0 = Release|Any CPU
	EndGlobalSection
	GlobalSection(SolutionProperties) = preSolution
		HideSolutionNode = FALSE
	EndGlobalSection
	GlobalSection(ExtensibilityGlobals) = postSolution
		SolutionGuid = {8C5A2FEF-21F6-4081-BDAF-B67696AC8EBB}
	EndGlobalSection
EndGlobal
